{
  "requires": true,
  "lockfileVersion": 1,
  "dependencies": {
    "phaser3-weapon-plugin": {
      "version": "2.0.1",
      "resolved": "https://registry.npmjs.org/phaser3-weapon-plugin/-/phaser3-weapon-plugin-2.0.1.tgz",
      "integrity": "sha512-cKltVXgmM1B5+9gN47/Pja7c741+NPU/IPA/2owQMjp9wTZF3j7lYYapwLQ1C7Dmk4nul0vX+p51SiOJ/wJsWg=="
    }
  }
}
